
Microsoft Visual Studio Solution File, Format Version 12.00
# Visual Studio Version 17
VisualStudioVersion = 17.13.35825.156 d17.13
MinimumVisualStudioVersion = 10.0.40219.1
Project("{FAE04EC0-301F-11D3-BF4B-00C04F79EFBC}") = "StreamHub", "StreamHub\StreamHub.csproj", "{442BCAE3-67BE-4C71-BB86-9D2489A680D8}"
EndProject
Global
	GlobalSection(SolutionConfigurationPlatforms) = preSolution
		Debug|Any CPU = Debug|Any CPU
		Release|Any CPU = Release|Any CPU
	EndGlobalSection
	GlobalSection(ProjectConfigurationPlatforms) = postSolution
		{442BCAE3-67BE-4C71-BB86-9D2489A680D8}.Debug|Any CPU.ActiveCfg = Debug|Any CPU
		{442BCAE3-67BE-4C71-BB86-9D2489A680D8}.Debug|Any CPU.Build.0 = Debug|Any CPU
		{442BCAE3-67BE-4C71-BB86-9D2489A680D8}.Release|Any CPU.ActiveCfg = Release|Any CPU
		{442BCAE3-67BE-4C71-BB86-9D2489A680D8}.Release|Any CPU.Build.0 = Release|Any CPU
	EndGlobalSection
	GlobalSection(SolutionProperties) = preSolution
		HideSolutionNode = FALSE
	EndGlobalSection
	GlobalSection(ExtensibilityGlobals) = postSolution
		SolutionGuid = {B01D4B4C-7F2C-40E5-AA1A-D0DB8913A49F}
	EndGlobalSection
EndGlobal
